
Microsoft Visual Studio Solution File, Format Version 12.00
# Visual Studio 15
VisualStudioVersion = 15.0.26124.0
MinimumVisualStudioVersion = 15.0.26124.0
Project("{FAE04EC0-301F-11D3-BF4B-00C04F79EFBC}") = "Gravatar", "Gravatar\Gravatar.csproj", "{D724FD07-5DC9-44D2-8319-BFF4D901CA91}"
EndProject
Project("{FAE04EC0-301F-11D3-BF4B-00C04F79EFBC}") = "Gravatar.Tests", "Gravatar.Tests\Gravatar.Tests.csproj", "{7AA1118D-7F42-410B-99D5-DB744930E05B}"
EndProject
Global
	GlobalSection(SolutionConfigurationPlatforms) = preSolution
		Debug|Any CPU = Debug|Any CPU
		Debug|x64 = Debug|x64
		Debug|x86 = Debug|x86
		Release|Any CPU = Release|Any CPU
		Release|x64 = Release|x64
		Release|x86 = Release|x86
	EndGlobalSection
	GlobalSection(SolutionProperties) = preSolution
		HideSolutionNode = FALSE
	EndGlobalSection
	GlobalSection(ProjectConfigurationPlatforms) = postSolution
		{D724FD07-5DC9-44D2-8319-BFF4D901CA91}.Debug|Any CPU.ActiveCfg = Debug|Any CPU
		{D724FD07-5DC9-44D2-8319-BFF4D901CA91}.Debug|Any CPU.Build.0 = Debug|Any CPU
		{D724FD07-5DC9-44D2-8319-BFF4D901CA91}.Debug|x64.ActiveCfg = Debug|Any CPU
		{D724FD07-5DC9-44D2-8319-BFF4D901CA91}.Debug|x64.Build.0 = Debug|Any CPU
		{D724FD07-5DC9-44D2-8319-BFF4D901CA91}.Debug|x86.ActiveCfg = Debug|Any CPU
		{D724FD07-5DC9-44D2-8319-BFF4D901CA91}.Debug|x86.Build.0 = Debug|Any CPU
		{D724FD07-5DC9-44D2-8319-BFF4D901CA91}.Release|Any CPU.ActiveCfg = Release|Any CPU
		{D724FD07-5DC9-44D2-8319-BFF4D901CA91}.Release|Any CPU.Build.0 = Release|Any CPU
		{D724FD07-5DC9-44D2-8319-BFF4D901CA91}.Release|x64.ActiveCfg = Release|Any CPU
		{D724FD07-5DC9-44D2-8319-BFF4D901CA91}.Release|x64.Build.0 = Release|Any CPU
		{D724FD07-5DC9-44D2-8319-BFF4D901CA91}.Release|x86.ActiveCfg = Release|Any CPU
		{D724FD07-5DC9-44D2-8319-BFF4D901CA91}.Release|x86.Build.0 = Release|Any CPU
		{7AA1118D-7F42-410B-99D5-DB744930E05B}.Debug|Any CPU.ActiveCfg = Debug|Any CPU
		{7AA1118D-7F42-410B-99D5-DB744930E05B}.Debug|Any CPU.Build.0 = Debug|Any CPU
		{7AA1118D-7F42-410B-99D5-DB744930E05B}.Debug|x64.ActiveCfg = Debug|Any CPU
		{7AA1118D-7F42-410B-99D5-DB744930E05B}.Debug|x64.Build.0 = Debug|Any CPU
		{7AA1118D-7F42-410B-99D5-DB744930E05B}.Debug|x86.ActiveCfg = Debug|Any CPU
		{7AA1118D-7F42-410B-99D5-DB744930E05B}.Debug|x86.Build.0 = Debug|Any CPU
		{7AA1118D-7F42-410B-99D5-DB744930E05B}.Release|Any CPU.ActiveCfg = Release|Any CPU
		{7AA1118D-7F42-410B-99D5-DB744930E05B}.Release|Any CPU.Build.0 = Release|Any CPU
		{7AA1118D-7F42-410B-99D5-DB744930E05B}.Release|x64.ActiveCfg = Release|Any CPU
		{7AA1118D-7F42-410B-99D5-DB744930E05B}.Release|x64.Build.0 = Release|Any CPU
		{7AA1118D-7F42-410B-99D5-DB744930E05B}.Release|x86.ActiveCfg = Release|Any CPU
		{7AA1118D-7F42-410B-99D5-DB744930E05B}.Release|x86.Build.0 = Release|Any CPU
	EndGlobalSection
EndGlobal
